// !$*UTF8*$!
{
	archiveVersion = 1;
	classes = {
	};
	objectVersion = 56;
	objects = {

/* Begin PBXBuildFile section */
		156F6C8A2B09E8A0005F0E87 /* People in Frameworks */ = {isa = PBXBuildFile; productRef = 156F6C892B09E8A0005F0E87 /* People */; };
		4C14F2B72AECFFBF004D5E92 /* Domain in Resources */ = {isa = PBXBuildFile; fileRef = 4C14F2B62AECFFBF004D5E92 /* Domain */; };
		4C9E653D2AF933EF00557D87 /* TvSeriesTabCoordinator.swift in Sources */ = {isa = PBXBuildFile; fileRef = 4C9E653C2AF933EF00557D87 /* TvSeriesTabCoordinator.swift */; };
		4C9E653F2AF9345600557D87 /* TVSeries in Frameworks */ = {isa = PBXBuildFile; productRef = 4C9E653E2AF9345600557D87 /* TVSeries */; };
		4CFB159B2ADBCD0F00A5CBB2 /* Search in Resources */ = {isa = PBXBuildFile; fileRef = 4CFB15992ADBCD0F00A5CBB2 /* Search */; };
		4CFB159C2ADBCD0F00A5CBB2 /* Movies in Resources */ = {isa = PBXBuildFile; fileRef = 4CFB159A2ADBCD0F00A5CBB2 /* Movies */; };
		4CFB159F2ADBD31700A5CBB2 /* Movies in Frameworks */ = {isa = PBXBuildFile; productRef = 4CFB159E2ADBD31700A5CBB2 /* Movies */; };
		4CFB15A12ADBD31A00A5CBB2 /* Search in Frameworks */ = {isa = PBXBuildFile; productRef = 4CFB15A02ADBD31A00A5CBB2 /* Search */; };
		4CFB15A32ADC238300A5CBB2 /* Router in Resources */ = {isa = PBXBuildFile; fileRef = 4CFB15A22ADC238300A5CBB2 /* Router */; };
		4CFB15C12ADED84000A5CBB2 /* MovieTabCoordinator.swift in Sources */ = {isa = PBXBuildFile; fileRef = 4CFB15C02ADED84000A5CBB2 /* MovieTabCoordinator.swift */; };
		A6F079B72A3B724F00B37F13 /* iMovieApp.swift in Sources */ = {isa = PBXBuildFile; fileRef = A6F079B62A3B724F00B37F13 /* iMovieApp.swift */; };
		A6F079BB2A3B725100B37F13 /* Assets.xcassets in Resources */ = {isa = PBXBuildFile; fileRef = A6F079BA2A3B725100B37F13 /* Assets.xcassets */; };
		A6F079BF2A3B725100B37F13 /* Preview Assets.xcassets in Resources */ = {isa = PBXBuildFile; fileRef = A6F079BE2A3B725100B37F13 /* Preview Assets.xcassets */; };
		A6F079CF2A3B766D00B37F13 /* Network in Resources */ = {isa = PBXBuildFile; fileRef = A6F079CE2A3B766D00B37F13 /* Network */; };
		A6F1D5182A3CC6E000E4F00C /* Logger in Resources */ = {isa = PBXBuildFile; fileRef = A6F1D5172A3CC6E000E4F00C /* Logger */; };
		A6F1D51D2A3D564800E4F00C /* Logger in Frameworks */ = {isa = PBXBuildFile; productRef = A6F1D51C2A3D564800E4F00C /* Logger */; };
		A6F1D5232A3D5CE200E4F00C /* AppDelegate.swift in Sources */ = {isa = PBXBuildFile; fileRef = A6F1D5222A3D5CE200E4F00C /* AppDelegate.swift */; };
		A6F1D5492A3EF0D900E4F00C /* CommonUI in Frameworks */ = {isa = PBXBuildFile; productRef = A6F1D5482A3EF0D900E4F00C /* CommonUI */; };
		A6F1D54D2A3EF3D600E4F00C /* AppTabView.swift in Sources */ = {isa = PBXBuildFile; fileRef = A6F1D54C2A3EF3D600E4F00C /* AppTabView.swift */; };
/* End PBXBuildFile section */

/* Begin PBXFileReference section */
		15933B582B1639D70015BA9B /* HelperMacros */ = {isa = PBXFileReference; lastKnownFileType = wrapper; path = HelperMacros; sourceTree = "<group>"; };
		15997F2B2B09B2DE00E81138 /* People */ = {isa = PBXFileReference; lastKnownFileType = wrapper; path = People; sourceTree = "<group>"; };
		4C14F2B62AECFFBF004D5E92 /* Domain */ = {isa = PBXFileReference; lastKnownFileType = wrapper; path = Domain; sourceTree = "<group>"; };
		4C9E653B2AF931AE00557D87 /* TVSeries */ = {isa = PBXFileReference; lastKnownFileType = wrapper; path = TVSeries; sourceTree = "<group>"; };
		4C9E653C2AF933EF00557D87 /* TvSeriesTabCoordinator.swift */ = {isa = PBXFileReference; lastKnownFileType = sourcecode.swift; path = TvSeriesTabCoordinator.swift; sourceTree = "<group>"; };
		4CFB15992ADBCD0F00A5CBB2 /* Search */ = {isa = PBXFileReference; lastKnownFileType = wrapper; path = Search; sourceTree = "<group>"; };
		4CFB159A2ADBCD0F00A5CBB2 /* Movies */ = {isa = PBXFileReference; lastKnownFileType = wrapper; path = Movies; sourceTree = "<group>"; };
		4CFB15A22ADC238300A5CBB2 /* Router */ = {isa = PBXFileReference; lastKnownFileType = wrapper; path = Router; sourceTree = "<group>"; };
		4CFB15C02ADED84000A5CBB2 /* MovieTabCoordinator.swift */ = {isa = PBXFileReference; lastKnownFileType = sourcecode.swift; path = MovieTabCoordinator.swift; sourceTree = "<group>"; };
		4CFB15C22AE022D800A5CBB2 /* DesignSystem */ = {isa = PBXFileReference; lastKnownFileType = wrapper; path = DesignSystem; sourceTree = "<group>"; };
		A6329ACC2A46A94F008A64C3 /* Info.plist */ = {isa = PBXFileReference; lastKnownFileType = text.plist; path = Info.plist; sourceTree = "<group>"; };
		A6F079B32A3B724F00B37F13 /* iMovie.app */ = {isa = PBXFileReference; explicitFileType = wrapper.application; includeInIndex = 0; path = iMovie.app; sourceTree = BUILT_PRODUCTS_DIR; };
		A6F079B62A3B724F00B37F13 /* iMovieApp.swift */ = {isa = PBXFileReference; lastKnownFileType = sourcecode.swift; path = iMovieApp.swift; sourceTree = "<group>"; };
		A6F079BA2A3B725100B37F13 /* Assets.xcassets */ = {isa = PBXFileReference; lastKnownFileType = folder.assetcatalog; path = Assets.xcassets; sourceTree = "<group>"; };
		A6F079BE2A3B725100B37F13 /* Preview Assets.xcassets */ = {isa = PBXFileReference; lastKnownFileType = folder.assetcatalog; path = "Preview Assets.xcassets"; sourceTree = "<group>"; };
		A6F079CE2A3B766D00B37F13 /* Network */ = {isa = PBXFileReference; lastKnownFileType = wrapper; path = Network; sourceTree = "<group>"; };
		A6F1D5172A3CC6E000E4F00C /* Logger */ = {isa = PBXFileReference; lastKnownFileType = wrapper; path = Logger; sourceTree = "<group>"; };
		A6F1D5222A3D5CE200E4F00C /* AppDelegate.swift */ = {isa = PBXFileReference; lastKnownFileType = sourcecode.swift; path = AppDelegate.swift; sourceTree = "<group>"; };
		A6F1D5472A3EEE4E00E4F00C /* CommonUI */ = {isa = PBXFileReference; lastKnownFileType = wrapper; path = CommonUI; sourceTree = "<group>"; };
		A6F1D54B2A3EF36F00E4F00C /* iMovie.entitlements */ = {isa = PBXFileReference; fileEncoding = 4; lastKnownFileType = text.plist.entitlements; path = iMovie.entitlements; sourceTree = "<group>"; };
		A6F1D54C2A3EF3D600E4F00C /* AppTabView.swift */ = {isa = PBXFileReference; lastKnownFileType = sourcecode.swift; path = AppTabView.swift; sourceTree = "<group>"; };
		A6F40B332A43509E00B95487 /* README.md */ = {isa = PBXFileReference; lastKnownFileType = net.daringfireball.markdown; path = README.md; sourceTree = "<group>"; };
/* End PBXFileReference section */

/* Begin PBXFrameworksBuildPhase section */
		A6F079B02A3B724F00B37F13 /* Frameworks */ = {
			isa = PBXFrameworksBuildPhase;
			buildActionMask = 2147483647;
			files = (
				156F6C8A2B09E8A0005F0E87 /* People in Frameworks */,
				4CFB159F2ADBD31700A5CBB2 /* Movies in Frameworks */,
				4CFB15A12ADBD31A00A5CBB2 /* Search in Frameworks */,
				A6F1D5492A3EF0D900E4F00C /* CommonUI in Frameworks */,
				4C9E653F2AF9345600557D87 /* TVSeries in Frameworks */,
				A6F1D51D2A3D564800E4F00C /* Logger in Frameworks */,
			);
			runOnlyForDeploymentPostprocessing = 0;
		};
/* End PBXFrameworksBuildPhase section */

/* Begin PBXGroup section */
		4CFB15952ADBCC1900A5CBB2 /* Features */ = {
			isa = PBXGroup;
			children = (
				15997F2B2B09B2DE00E81138 /* People */,
				4C9E653B2AF931AE00557D87 /* TVSeries */,
				4CFB159A2ADBCD0F00A5CBB2 /* Movies */,
				4CFB15992ADBCD0F00A5CBB2 /* Search */,
			);
			path = Features;
			sourceTree = "<group>";
		};
		A6F079AA2A3B724F00B37F13 = {
			isa = PBXGroup;
			children = (
				A6F40B332A43509E00B95487 /* README.md */,
				A6F079B52A3B724F00B37F13 /* iMovie */,
				4CFB15952ADBCC1900A5CBB2 /* Features */,
				A6F079CD2A3B763B00B37F13 /* Core */,
				A6F1D5152A3CBDFB00E4F00C /* Foundation */,
				A6F079B42A3B724F00B37F13 /* Products */,
				A6F1D5192A3D564600E4F00C /* Frameworks */,
			);
			sourceTree = "<group>";
		};
		A6F079B42A3B724F00B37F13 /* Products */ = {
			isa = PBXGroup;
			children = (
				A6F079B32A3B724F00B37F13 /* iMovie.app */,
			);
			name = Products;
			sourceTree = "<group>";
		};
		A6F079B52A3B724F00B37F13 /* iMovie */ = {
			isa = PBXGroup;
			children = (
				A6329ACC2A46A94F008A64C3 /* Info.plist */,
				A6F1D54B2A3EF36F00E4F00C /* iMovie.entitlements */,
				A6F1D5212A3D5CA200E4F00C /* Application */,
				A6F1D5262A3D5D1500E4F00C /* Presentation */,
				A6F1D5272A3D5D3600E4F00C /* Resources */,
				A6F079BD2A3B725100B37F13 /* Preview Content */,
			);
			path = iMovie;
			sourceTree = "<group>";
		};
		A6F079BD2A3B725100B37F13 /* Preview Content */ = {
			isa = PBXGroup;
			children = (
				A6F079BE2A3B725100B37F13 /* Preview Assets.xcassets */,
			);
			path = "Preview Content";
			sourceTree = "<group>";
		};
		A6F079CD2A3B763B00B37F13 /* Core */ = {
			isa = PBXGroup;
			children = (
				A6F1D5472A3EEE4E00E4F00C /* CommonUI */,
			);
			path = Core;
			sourceTree = "<group>";
		};
		A6F1D5152A3CBDFB00E4F00C /* Foundation */ = {
			isa = PBXGroup;
			children = (
				4C14F2B62AECFFBF004D5E92 /* Domain */,
				A6F079CE2A3B766D00B37F13 /* Network */,
				4CFB15C22AE022D800A5CBB2 /* DesignSystem */,
				15933B582B1639D70015BA9B /* HelperMacros */,
				A6F1D5172A3CC6E000E4F00C /* Logger */,
				4CFB15A22ADC238300A5CBB2 /* Router */,
			);
			path = Foundation;
			sourceTree = "<group>";
		};
		A6F1D5192A3D564600E4F00C /* Frameworks */ = {
			isa = PBXGroup;
			children = (
			);
			name = Frameworks;
			sourceTree = "<group>";
		};
		A6F1D5212A3D5CA200E4F00C /* Application */ = {
			isa = PBXGroup;
			children = (
				A6F079B62A3B724F00B37F13 /* iMovieApp.swift */,
				A6F1D5222A3D5CE200E4F00C /* AppDelegate.swift */,
			);
			path = Application;
			sourceTree = "<group>";
		};
		A6F1D5262A3D5D1500E4F00C /* Presentation */ = {
			isa = PBXGroup;
			children = (
				A6F1D54C2A3EF3D600E4F00C /* AppTabView.swift */,
				4CFB15C02ADED84000A5CBB2 /* MovieTabCoordinator.swift */,
				4C9E653C2AF933EF00557D87 /* TvSeriesTabCoordinator.swift */,
			);
			path = Presentation;
			sourceTree = "<group>";
		};
		A6F1D5272A3D5D3600E4F00C /* Resources */ = {
			isa = PBXGroup;
			children = (
				A6F079BA2A3B725100B37F13 /* Assets.xcassets */,
			);
			path = Resources;
			sourceTree = "<group>";
		};
/* End PBXGroup section */

/* Begin PBXNativeTarget section */
		A6F079B22A3B724F00B37F13 /* iMovie */ = {
			isa = PBXNativeTarget;
			buildConfigurationList = A6F079C22A3B725100B37F13 /* Build configuration list for PBXNativeTarget "iMovie" */;
			buildPhases = (
				A6F079AF2A3B724F00B37F13 /* Sources */,
				A6F079B02A3B724F00B37F13 /* Frameworks */,
				A6F079B12A3B724F00B37F13 /* Resources */,
				4C08DE8D2AECB4920044F304 /* Swiftlint */,
			);
			buildRules = (
			);
			dependencies = (
			);
			name = iMovie;
			packageProductDependencies = (
				A6F1D51C2A3D564800E4F00C /* Logger */,
				A6F1D5482A3EF0D900E4F00C /* CommonUI */,
				4CFB159E2ADBD31700A5CBB2 /* Movies */,
				4CFB15A02ADBD31A00A5CBB2 /* Search */,
				4C9E653E2AF9345600557D87 /* TVSeries */,
				156F6C892B09E8A0005F0E87 /* People */,
			);
			productName = iMovie;
			productReference = A6F079B32A3B724F00B37F13 /* iMovie.app */;
			productType = "com.apple.product-type.application";
		};
/* End PBXNativeTarget section */

/* Begin PBXProject section */
		A6F079AB2A3B724F00B37F13 /* Project object */ = {
			isa = PBXProject;
			attributes = {
				BuildIndependentTargetsInParallel = 1;
				LastSwiftUpdateCheck = 1420;
				LastUpgradeCheck = 1420;
				TargetAttributes = {
					A6F079B22A3B724F00B37F13 = {
						CreatedOnToolsVersion = 14.2;
					};
				};
			};
			buildConfigurationList = A6F079AE2A3B724F00B37F13 /* Build configuration list for PBXProject "iMovie" */;
			compatibilityVersion = "Xcode 14.0";
			developmentRegion = en;
			hasScannedForEncodings = 0;
			knownRegions = (
				en,
				Base,
			);
			mainGroup = A6F079AA2A3B724F00B37F13;
			packageReferences = (
				A6F079C52A3B727D00B37F13 /* XCRemoteSwiftPackageReference "Factory" */,
			);
			productRefGroup = A6F079B42A3B724F00B37F13 /* Products */;
			projectDirPath = "";
			projectRoot = "";
			targets = (
				A6F079B22A3B724F00B37F13 /* iMovie */,
			);
		};
/* End PBXProject section */

/* Begin PBXResourcesBuildPhase section */
		A6F079B12A3B724F00B37F13 /* Resources */ = {
			isa = PBXResourcesBuildPhase;
			buildActionMask = 2147483647;
			files = (
				4CFB15A32ADC238300A5CBB2 /* Router in Resources */,
				4CFB159B2ADBCD0F00A5CBB2 /* Search in Resources */,
				4CFB159C2ADBCD0F00A5CBB2 /* Movies in Resources */,
				A6F079CF2A3B766D00B37F13 /* Network in Resources */,
				A6F079BF2A3B725100B37F13 /* Preview Assets.xcassets in Resources */,
				A6F1D5182A3CC6E000E4F00C /* Logger in Resources */,
				4C14F2B72AECFFBF004D5E92 /* Domain in Resources */,
				A6F079BB2A3B725100B37F13 /* Assets.xcassets in Resources */,
			);
			runOnlyForDeploymentPostprocessing = 0;
		};
/* End PBXResourcesBuildPhase section */

/* Begin PBXShellScriptBuildPhase section */
		4C08DE8D2AECB4920044F304 /* Swiftlint */ = {
			isa = PBXShellScriptBuildPhase;
			buildActionMask = 2147483647;
			files = (
			);
			inputFileListPaths = (
			);
			inputPaths = (
			);
			name = Swiftlint;
			outputFileListPaths = (
			);
			outputPaths = (
			);
			runOnlyForDeploymentPostprocessing = 0;
			shellPath = /bin/sh;
			shellScript = "if [[ \"$(uname -m)\" == arm64 ]]; then\n    export PATH=\"/opt/homebrew/bin:$PATH\"\nfi\n\nif which swiftlint > /dev/null; then\n  swiftlint\nelse\n  echo \"warning: SwiftLint not installed, download from https://github.com/realm/SwiftLint\"\nfi\n";
		};
/* End PBXShellScriptBuildPhase section */

/* Begin PBXSourcesBuildPhase section */
		A6F079AF2A3B724F00B37F13 /* Sources */ = {
			isa = PBXSourcesBuildPhase;
			buildActionMask = 2147483647;
			files = (
				A6F1D5232A3D5CE200E4F00C /* AppDelegate.swift in Sources */,
				4CFB15C12ADED84000A5CBB2 /* MovieTabCoordinator.swift in Sources */,
				A6F1D54D2A3EF3D600E4F00C /* AppTabView.swift in Sources */,
				A6F079B72A3B724F00B37F13 /* iMovieApp.swift in Sources */,
				4C9E653D2AF933EF00557D87 /* TvSeriesTabCoordinator.swift in Sources */,
			);
			runOnlyForDeploymentPostprocessing = 0;
		};
/* End PBXSourcesBuildPhase section */

/* Begin XCBuildConfiguration section */
		A6F079C02A3B725100B37F13 /* Debug */ = {
			isa = XCBuildConfiguration;
			buildSettings = {
				ALWAYS_SEARCH_USER_PATHS = NO;
				CLANG_ANALYZER_NONNULL = YES;
				CLANG_ANALYZER_NUMBER_OBJECT_CONVERSION = YES_AGGRESSIVE;
				CLANG_CXX_LANGUAGE_STANDARD = "gnu++20";
				CLANG_ENABLE_MODULES = YES;
				CLANG_ENABLE_OBJC_ARC = YES;
				CLANG_ENABLE_OBJC_WEAK = YES;
				CLANG_WARN_BLOCK_CAPTURE_AUTORELEASING = YES;
				CLANG_WARN_BOOL_CONVERSION = YES;
				CLANG_WARN_COMMA = YES;
				CLANG_WARN_CONSTANT_CONVERSION = YES;
				CLANG_WARN_DEPRECATED_OBJC_IMPLEMENTATIONS = YES;
				CLANG_WARN_DIRECT_OBJC_ISA_USAGE = YES_ERROR;
				CLANG_WARN_DOCUMENTATION_COMMENTS = YES;
				CLANG_WARN_EMPTY_BODY = YES;
				CLANG_WARN_ENUM_CONVERSION = YES;
				CLANG_WARN_INFINITE_RECURSION = YES;
				CLANG_WARN_INT_CONVERSION = YES;
				CLANG_WARN_NON_LITERAL_NULL_CONVERSION = YES;
				CLANG_WARN_OBJC_IMPLICIT_RETAIN_SELF = YES;
				CLANG_WARN_OBJC_LITERAL_CONVERSION = YES;
				CLANG_WARN_OBJC_ROOT_CLASS = YES_ERROR;
				CLANG_WARN_QUOTED_INCLUDE_IN_FRAMEWORK_HEADER = YES;
				CLANG_WARN_RANGE_LOOP_ANALYSIS = YES;
				CLANG_WARN_STRICT_PROTOTYPES = YES;
				CLANG_WARN_SUSPICIOUS_MOVE = YES;
				CLANG_WARN_UNGUARDED_AVAILABILITY = YES_AGGRESSIVE;
				CLANG_WARN_UNREACHABLE_CODE = YES;
				CLANG_WARN__DUPLICATE_METHOD_MATCH = YES;
				COPY_PHASE_STRIP = NO;
				DEBUG_INFORMATION_FORMAT = dwarf;
				ENABLE_STRICT_OBJC_MSGSEND = YES;
				ENABLE_TESTABILITY = YES;
				GCC_C_LANGUAGE_STANDARD = gnu11;
				GCC_DYNAMIC_NO_PIC = NO;
				GCC_NO_COMMON_BLOCKS = YES;
				GCC_OPTIMIZATION_LEVEL = 0;
				GCC_PREPROCESSOR_DEFINITIONS = (
					"DEBUG=1",
					"$(inherited)",
				);
				GCC_WARN_64_TO_32_BIT_CONVERSION = YES;
				GCC_WARN_ABOUT_RETURN_TYPE = YES_ERROR;
				GCC_WARN_UNDECLARED_SELECTOR = YES;
				GCC_WARN_UNINITIALIZED_AUTOS = YES_AGGRESSIVE;
				GCC_WARN_UNUSED_FUNCTION = YES;
				GCC_WARN_UNUSED_VARIABLE = YES;
				MTL_ENABLE_DEBUG_INFO = INCLUDE_SOURCE;
				MTL_FAST_MATH = YES;
				ONLY_ACTIVE_ARCH = YES;
				SWIFT_ACTIVE_COMPILATION_CONDITIONS = DEBUG;
				SWIFT_OPTIMIZATION_LEVEL = "-Onone";
			};
			name = Debug;
		};
		A6F079C12A3B725100B37F13 /* Release */ = {
			isa = XCBuildConfiguration;
			buildSettings = {
				ALWAYS_SEARCH_USER_PATHS = NO;
				CLANG_ANALYZER_NONNULL = YES;
				CLANG_ANALYZER_NUMBER_OBJECT_CONVERSION = YES_AGGRESSIVE;
				CLANG_CXX_LANGUAGE_STANDARD = "gnu++20";
				CLANG_ENABLE_MODULES = YES;
				CLANG_ENABLE_OBJC_ARC = YES;
				CLANG_ENABLE_OBJC_WEAK = YES;
				CLANG_WARN_BLOCK_CAPTURE_AUTORELEASING = YES;
				CLANG_WARN_BOOL_CONVERSION = YES;
				CLANG_WARN_COMMA = YES;
				CLANG_WARN_CONSTANT_CONVERSION = YES;
				CLANG_WARN_DEPRECATED_OBJC_IMPLEMENTATIONS = YES;
				CLANG_WARN_DIRECT_OBJC_ISA_USAGE = YES_ERROR;
				CLANG_WARN_DOCUMENTATION_COMMENTS = YES;
				CLANG_WARN_EMPTY_BODY = YES;
				CLANG_WARN_ENUM_CONVERSION = YES;
				CLANG_WARN_INFINITE_RECURSION = YES;
				CLANG_WARN_INT_CONVERSION = YES;
				CLANG_WARN_NON_LITERAL_NULL_CONVERSION = YES;
				CLANG_WARN_OBJC_IMPLICIT_RETAIN_SELF = YES;
				CLANG_WARN_OBJC_LITERAL_CONVERSION = YES;
				CLANG_WARN_OBJC_ROOT_CLASS = YES_ERROR;
				CLANG_WARN_QUOTED_INCLUDE_IN_FRAMEWORK_HEADER = YES;
				CLANG_WARN_RANGE_LOOP_ANALYSIS = YES;
				CLANG_WARN_STRICT_PROTOTYPES = YES;
				CLANG_WARN_SUSPICIOUS_MOVE = YES;
				CLANG_WARN_UNGUARDED_AVAILABILITY = YES_AGGRESSIVE;
				CLANG_WARN_UNREACHABLE_CODE = YES;
				CLANG_WARN__DUPLICATE_METHOD_MATCH = YES;
				COPY_PHASE_STRIP = NO;
				DEBUG_INFORMATION_FORMAT = "dwarf-with-dsym";
				ENABLE_NS_ASSERTIONS = NO;
				ENABLE_STRICT_OBJC_MSGSEND = YES;
				GCC_C_LANGUAGE_STANDARD = gnu11;
				GCC_NO_COMMON_BLOCKS = YES;
				GCC_WARN_64_TO_32_BIT_CONVERSION = YES;
				GCC_WARN_ABOUT_RETURN_TYPE = YES_ERROR;
				GCC_WARN_UNDECLARED_SELECTOR = YES;
				GCC_WARN_UNINITIALIZED_AUTOS = YES_AGGRESSIVE;
				GCC_WARN_UNUSED_FUNCTION = YES;
				GCC_WARN_UNUSED_VARIABLE = YES;
				MTL_ENABLE_DEBUG_INFO = NO;
				MTL_FAST_MATH = YES;
				SWIFT_COMPILATION_MODE = wholemodule;
				SWIFT_OPTIMIZATION_LEVEL = "-O";
			};
			name = Release;
		};
		A6F079C32A3B725100B37F13 /* Debug */ = {
			isa = XCBuildConfiguration;
			buildSettings = {
				ASSETCATALOG_COMPILER_APPICON_NAME = AppIcon;
				ASSETCATALOG_COMPILER_GLOBAL_ACCENT_COLOR_NAME = AccentColor;
				CODE_SIGN_ENTITLEMENTS = iMovie/iMovie.entitlements;
				CODE_SIGN_STYLE = Automatic;
				CURRENT_PROJECT_VERSION = 1;
				DEVELOPMENT_ASSET_PATHS = "\"iMovie/Preview Content\"";
				DEVELOPMENT_TEAM = RCQA85T6C2;
				ENABLE_HARDENED_RUNTIME = YES;
				ENABLE_PREVIEWS = YES;
				GENERATE_INFOPLIST_FILE = YES;
				INFOPLIST_FILE = iMovie/Info.plist;
				"INFOPLIST_KEY_UIApplicationSceneManifest_Generation[sdk=iphoneos*]" = YES;
				"INFOPLIST_KEY_UIApplicationSceneManifest_Generation[sdk=iphonesimulator*]" = YES;
				"INFOPLIST_KEY_UIApplicationSupportsIndirectInputEvents[sdk=iphoneos*]" = YES;
				"INFOPLIST_KEY_UIApplicationSupportsIndirectInputEvents[sdk=iphonesimulator*]" = YES;
				"INFOPLIST_KEY_UILaunchScreen_Generation[sdk=iphoneos*]" = YES;
				"INFOPLIST_KEY_UILaunchScreen_Generation[sdk=iphonesimulator*]" = YES;
				"INFOPLIST_KEY_UIStatusBarStyle[sdk=iphoneos*]" = UIStatusBarStyleDefault;
				"INFOPLIST_KEY_UIStatusBarStyle[sdk=iphonesimulator*]" = UIStatusBarStyleDefault;
				INFOPLIST_KEY_UISupportedInterfaceOrientations = UIInterfaceOrientationPortrait;
				INFOPLIST_KEY_UISupportedInterfaceOrientations_iPad = "UIInterfaceOrientationLandscapeLeft UIInterfaceOrientationLandscapeRight UIInterfaceOrientationPortrait UIInterfaceOrientationPortraitUpsideDown";
				IPHONEOS_DEPLOYMENT_TARGET = 16.2;
				LD_RUNPATH_SEARCH_PATHS = "@executable_path/Frameworks";
				"LD_RUNPATH_SEARCH_PATHS[sdk=macosx*]" = "@executable_path/../Frameworks";
				MACOSX_DEPLOYMENT_TARGET = 13.1;
				MARKETING_VERSION = 1.0;
				PRODUCT_BUNDLE_IDENTIFIER = com.hoangatuan.iMovie;
				PRODUCT_NAME = "$(TARGET_NAME)";
				SDKROOT = auto;
				SUPPORTED_PLATFORMS = "iphoneos iphonesimulator";
				SUPPORTS_MACCATALYST = NO;
				SUPPORTS_MAC_DESIGNED_FOR_IPHONE_IPAD = NO;
				SWIFT_EMIT_LOC_STRINGS = YES;
				SWIFT_VERSION = 5.0;
				TARGETED_DEVICE_FAMILY = 1;
			};
			name = Debug;
		};
		A6F079C42A3B725100B37F13 /* Release */ = {
			isa = XCBuildConfiguration;
			buildSettings = {
				ASSETCATALOG_COMPILER_APPICON_NAME = AppIcon;
				ASSETCATALOG_COMPILER_GLOBAL_ACCENT_COLOR_NAME = AccentColor;
				CODE_SIGN_ENTITLEMENTS = iMovie/iMovie.entitlements;
				CODE_SIGN_STYLE = Automatic;
				CURRENT_PROJECT_VERSION = 1;
				DEVELOPMENT_ASSET_PATHS = "\"iMovie/Preview Content\"";
				DEVELOPMENT_TEAM = RCQA85T6C2;
				ENABLE_HARDENED_RUNTIME = YES;
				ENABLE_PREVIEWS = YES;
				GENERATE_INFOPLIST_FILE = YES;
				INFOPLIST_FILE = iMovie/Info.plist;
				"INFOPLIST_KEY_UIApplicationSceneManifest_Generation[sdk=iphoneos*]" = YES;
				"INFOPLIST_KEY_UIApplicationSceneManifest_Generation[sdk=iphonesimulator*]" = YES;
				"INFOPLIST_KEY_UIApplicationSupportsIndirectInputEvents[sdk=iphoneos*]" = YES;
				"INFOPLIST_KEY_UIApplicationSupportsIndirectInputEvents[sdk=iphonesimulator*]" = YES;
				"INFOPLIST_KEY_UILaunchScreen_Generation[sdk=iphoneos*]" = YES;
				"INFOPLIST_KEY_UILaunchScreen_Generation[sdk=iphonesimulator*]" = YES;
				"INFOPLIST_KEY_UIStatusBarStyle[sdk=iphoneos*]" = UIStatusBarStyleDefault;
				"INFOPLIST_KEY_UIStatusBarStyle[sdk=iphonesimulator*]" = UIStatusBarStyleDefault;
				INFOPLIST_KEY_UISupportedInterfaceOrientations = UIInterfaceOrientationPortrait;
				INFOPLIST_KEY_UISupportedInterfaceOrientations_iPad = "UIInterfaceOrientationLandscapeLeft UIInterfaceOrientationLandscapeRight UIInterfaceOrientationPortrait UIInterfaceOrientationPortraitUpsideDown";
				IPHONEOS_DEPLOYMENT_TARGET = 16.2;
				LD_RUNPATH_SEARCH_PATHS = "@executable_path/Frameworks";
				"LD_RUNPATH_SEARCH_PATHS[sdk=macosx*]" = "@executable_path/../Frameworks";
				MACOSX_DEPLOYMENT_TARGET = 13.1;
				MARKETING_VERSION = 1.0;
				PRODUCT_BUNDLE_IDENTIFIER = com.hoangatuan.iMovie;
				PRODUCT_NAME = "$(TARGET_NAME)";
				SDKROOT = auto;
				SUPPORTED_PLATFORMS = "iphoneos iphonesimulator";
				SUPPORTS_MACCATALYST = NO;
				SUPPORTS_MAC_DESIGNED_FOR_IPHONE_IPAD = NO;
				SWIFT_EMIT_LOC_STRINGS = YES;
				SWIFT_VERSION = 5.0;
				TARGETED_DEVICE_FAMILY = 1;
			};
			name = Release;
		};
/* End XCBuildConfiguration section */

/* Begin XCConfigurationList section */
		A6F079AE2A3B724F00B37F13 /* Build configuration list for PBXProject "iMovie" */ = {
			isa = XCConfigurationList;
			buildConfigurations = (
				A6F079C02A3B725100B37F13 /* Debug */,
				A6F079C12A3B725100B37F13 /* Release */,
			);
			defaultConfigurationIsVisible = 0;
			defaultConfigurationName = Release;
		};
		A6F079C22A3B725100B37F13 /* Build configuration list for PBXNativeTarget "iMovie" */ = {
			isa = XCConfigurationList;
			buildConfigurations = (
				A6F079C32A3B725100B37F13 /* Debug */,
				A6F079C42A3B725100B37F13 /* Release */,
			);
			defaultConfigurationIsVisible = 0;
			defaultConfigurationName = Release;
		};
/* End XCConfigurationList section */

/* Begin XCRemoteSwiftPackageReference section */
		A6F079C52A3B727D00B37F13 /* XCRemoteSwiftPackageReference "Factory" */ = {
			isa = XCRemoteSwiftPackageReference;
			repositoryURL = "https://github.com/hmlongco/Factory";
			requirement = {
				kind = upToNextMajorVersion;
				minimumVersion = 2.0.0;
			};
		};
/* End XCRemoteSwiftPackageReference section */

/* Begin XCSwiftPackageProductDependency section */
		156F6C892B09E8A0005F0E87 /* People */ = {
			isa = XCSwiftPackageProductDependency;
			productName = People;
		};
		4C9E653E2AF9345600557D87 /* TVSeries */ = {
			isa = XCSwiftPackageProductDependency;
			productName = TVSeries;
		};
		4CFB159E2ADBD31700A5CBB2 /* Movies */ = {
			isa = XCSwiftPackageProductDependency;
			productName = Movies;
		};
		4CFB15A02ADBD31A00A5CBB2 /* Search */ = {
			isa = XCSwiftPackageProductDependency;
			productName = Search;
		};
		A6F1D51C2A3D564800E4F00C /* Logger */ = {
			isa = XCSwiftPackageProductDependency;
			productName = Logger;
		};
		A6F1D5482A3EF0D900E4F00C /* CommonUI */ = {
			isa = XCSwiftPackageProductDependency;
			productName = CommonUI;
		};
/* End XCSwiftPackageProductDependency section */
	};
	rootObject = A6F079AB2A3B724F00B37F13 /* Project object */;
}
