// !$*UTF8*$!
{
	archiveVersion = 1;
	classes = {
	};
	objectVersion = 56;
	objects = {

/* Begin PBXBuildFile section */
		A6F079B72A3B724F00B37F13 /* iMovieApp.swift in Sources */ = {isa = PBXBuildFile; fileRef = A6F079B62A3B724F00B37F13 /* iMovieApp.swift */; };
		A6F079B92A3B724F00B37F13 /* ContentView.swift in Sources */ = {isa = PBXBuildFile; fileRef = A6F079B82A3B724F00B37F13 /* ContentView.swift */; };
		A6F079BB2A3B725100B37F13 /* Assets.xcassets in Resources */ = {isa = PBXBuildFile; fileRef = A6F079BA2A3B725100B37F13 /* Assets.xcassets */; };
		A6F079BF2A3B725100B37F13 /* Preview Assets.xcassets in Resources */ = {isa = PBXBuildFile; fileRef = A6F079BE2A3B725100B37F13 /* Preview Assets.xcassets */; };
		A6F079C72A3B727D00B37F13 /* Factory in Frameworks */ = {isa = PBXBuildFile; productRef = A6F079C62A3B727D00B37F13 /* Factory */; };
		A6F079CA2A3B72A700B37F13 /* ComposableArchitecture in Frameworks */ = {isa = PBXBuildFile; productRef = A6F079C92A3B72A700B37F13 /* ComposableArchitecture */; };
		A6F079CF2A3B766D00B37F13 /* Network in Resources */ = {isa = PBXBuildFile; fileRef = A6F079CE2A3B766D00B37F13 /* Network */; };
		A6F1D5182A3CC6E000E4F00C /* Logger in Resources */ = {isa = PBXBuildFile; fileRef = A6F1D5172A3CC6E000E4F00C /* Logger */; };
		A6F1D51B2A3D564600E4F00C /* Network in Frameworks */ = {isa = PBXBuildFile; productRef = A6F1D51A2A3D564600E4F00C /* Network */; };
		A6F1D51D2A3D564800E4F00C /* Logger in Frameworks */ = {isa = PBXBuildFile; productRef = A6F1D51C2A3D564800E4F00C /* Logger */; };
/* End PBXBuildFile section */

/* Begin PBXFileReference section */
		A6F079B32A3B724F00B37F13 /* iMovie.app */ = {isa = PBXFileReference; explicitFileType = wrapper.application; includeInIndex = 0; path = iMovie.app; sourceTree = BUILT_PRODUCTS_DIR; };
		A6F079B62A3B724F00B37F13 /* iMovieApp.swift */ = {isa = PBXFileReference; lastKnownFileType = sourcecode.swift; path = iMovieApp.swift; sourceTree = "<group>"; };
		A6F079B82A3B724F00B37F13 /* ContentView.swift */ = {isa = PBXFileReference; lastKnownFileType = sourcecode.swift; path = ContentView.swift; sourceTree = "<group>"; };
		A6F079BA2A3B725100B37F13 /* Assets.xcassets */ = {isa = PBXFileReference; lastKnownFileType = folder.assetcatalog; path = Assets.xcassets; sourceTree = "<group>"; };
		A6F079BC2A3B725100B37F13 /* iMovie.entitlements */ = {isa = PBXFileReference; lastKnownFileType = text.plist.entitlements; path = iMovie.entitlements; sourceTree = "<group>"; };
		A6F079BE2A3B725100B37F13 /* Preview Assets.xcassets */ = {isa = PBXFileReference; lastKnownFileType = folder.assetcatalog; path = "Preview Assets.xcassets"; sourceTree = "<group>"; };
		A6F079CE2A3B766D00B37F13 /* Network */ = {isa = PBXFileReference; lastKnownFileType = wrapper; path = Network; sourceTree = "<group>"; };
		A6F1D5172A3CC6E000E4F00C /* Logger */ = {isa = PBXFileReference; lastKnownFileType = wrapper; path = Logger; sourceTree = "<group>"; };
/* End PBXFileReference section */

/* Begin PBXFrameworksBuildPhase section */
		A6F079B02A3B724F00B37F13 /* Frameworks */ = {
			isa = PBXFrameworksBuildPhase;
			buildActionMask = 2147483647;
			files = (
				A6F1D51B2A3D564600E4F00C /* Network in Frameworks */,
				A6F079CA2A3B72A700B37F13 /* ComposableArchitecture in Frameworks */,
				A6F1D51D2A3D564800E4F00C /* Logger in Frameworks */,
				A6F079C72A3B727D00B37F13 /* Factory in Frameworks */,
			);
			runOnlyForDeploymentPostprocessing = 0;
		};
/* End PBXFrameworksBuildPhase section */

/* Begin PBXGroup section */
		A6F079AA2A3B724F00B37F13 = {
			isa = PBXGroup;
			children = (
				A6F079B52A3B724F00B37F13 /* iMovie */,
				A6F079CD2A3B763B00B37F13 /* Core */,
				A6F1D5152A3CBDFB00E4F00C /* Foundation */,
				A6F079B42A3B724F00B37F13 /* Products */,
				A6F1D5192A3D564600E4F00C /* Frameworks */,
			);
			sourceTree = "<group>";
		};
		A6F079B42A3B724F00B37F13 /* Products */ = {
			isa = PBXGroup;
			children = (
				A6F079B32A3B724F00B37F13 /* iMovie.app */,
			);
			name = Products;
			sourceTree = "<group>";
		};
		A6F079B52A3B724F00B37F13 /* iMovie */ = {
			isa = PBXGroup;
			children = (
				A6F079B62A3B724F00B37F13 /* iMovieApp.swift */,
				A6F079B82A3B724F00B37F13 /* ContentView.swift */,
				A6F079BA2A3B725100B37F13 /* Assets.xcassets */,
				A6F079BC2A3B725100B37F13 /* iMovie.entitlements */,
				A6F079BD2A3B725100B37F13 /* Preview Content */,
			);
			path = iMovie;
			sourceTree = "<group>";
		};
		A6F079BD2A3B725100B37F13 /* Preview Content */ = {
			isa = PBXGroup;
			children = (
				A6F079BE2A3B725100B37F13 /* Preview Assets.xcassets */,
			);
			path = "Preview Content";
			sourceTree = "<group>";
		};
		A6F079CD2A3B763B00B37F13 /* Core */ = {
			isa = PBXGroup;
			children = (
				A6F079CE2A3B766D00B37F13 /* Network */,
			);
			path = Core;
			sourceTree = "<group>";
		};
		A6F1D5152A3CBDFB00E4F00C /* Foundation */ = {
			isa = PBXGroup;
			children = (
				A6F1D5172A3CC6E000E4F00C /* Logger */,
			);
			path = Foundation;
			sourceTree = "<group>";
		};
		A6F1D5192A3D564600E4F00C /* Frameworks */ = {
			isa = PBXGroup;
			children = (
			);
			name = Frameworks;
			sourceTree = "<group>";
		};
/* End PBXGroup section */

/* Begin PBXNativeTarget section */
		A6F079B22A3B724F00B37F13 /* iMovie */ = {
			isa = PBXNativeTarget;
			buildConfigurationList = A6F079C22A3B725100B37F13 /* Build configuration list for PBXNativeTarget "iMovie" */;
			buildPhases = (
				A6F079AF2A3B724F00B37F13 /* Sources */,
				A6F079B02A3B724F00B37F13 /* Frameworks */,
				A6F079B12A3B724F00B37F13 /* Resources */,
			);
			buildRules = (
			);
			dependencies = (
			);
			name = iMovie;
			packageProductDependencies = (
				A6F079C62A3B727D00B37F13 /* Factory */,
				A6F079C92A3B72A700B37F13 /* ComposableArchitecture */,
				A6F1D51A2A3D564600E4F00C /* Network */,
				A6F1D51C2A3D564800E4F00C /* Logger */,
			);
			productName = iMovie;
			productReference = A6F079B32A3B724F00B37F13 /* iMovie.app */;
			productType = "com.apple.product-type.application";
		};
/* End PBXNativeTarget section */

/* Begin PBXProject section */
		A6F079AB2A3B724F00B37F13 /* Project object */ = {
			isa = PBXProject;
			attributes = {
				BuildIndependentTargetsInParallel = 1;
				LastSwiftUpdateCheck = 1420;
				LastUpgradeCheck = 1420;
				TargetAttributes = {
					A6F079B22A3B724F00B37F13 = {
						CreatedOnToolsVersion = 14.2;
					};
				};
			};
			buildConfigurationList = A6F079AE2A3B724F00B37F13 /* Build configuration list for PBXProject "iMovie" */;
			compatibilityVersion = "Xcode 14.0";
			developmentRegion = en;
			hasScannedForEncodings = 0;
			knownRegions = (
				en,
				Base,
			);
			mainGroup = A6F079AA2A3B724F00B37F13;
			packageReferences = (
				A6F079C52A3B727D00B37F13 /* XCRemoteSwiftPackageReference "Factory" */,
				A6F079C82A3B72A700B37F13 /* XCRemoteSwiftPackageReference "swift-composable-architecture" */,
			);
			productRefGroup = A6F079B42A3B724F00B37F13 /* Products */;
			projectDirPath = "";
			projectRoot = "";
			targets = (
				A6F079B22A3B724F00B37F13 /* iMovie */,
			);
		};
/* End PBXProject section */

/* Begin PBXResourcesBuildPhase section */
		A6F079B12A3B724F00B37F13 /* Resources */ = {
			isa = PBXResourcesBuildPhase;
			buildActionMask = 2147483647;
			files = (
				A6F079CF2A3B766D00B37F13 /* Network in Resources */,
				A6F079BF2A3B725100B37F13 /* Preview Assets.xcassets in Resources */,
				A6F1D5182A3CC6E000E4F00C /* Logger in Resources */,
				A6F079BB2A3B725100B37F13 /* Assets.xcassets in Resources */,
			);
			runOnlyForDeploymentPostprocessing = 0;
		};
/* End PBXResourcesBuildPhase section */

/* Begin PBXSourcesBuildPhase section */
		A6F079AF2A3B724F00B37F13 /* Sources */ = {
			isa = PBXSourcesBuildPhase;
			buildActionMask = 2147483647;
			files = (
				A6F079B92A3B724F00B37F13 /* ContentView.swift in Sources */,
				A6F079B72A3B724F00B37F13 /* iMovieApp.swift in Sources */,
			);
			runOnlyForDeploymentPostprocessing = 0;
		};
/* End PBXSourcesBuildPhase section */

/* Begin XCBuildConfiguration section */
		A6F079C02A3B725100B37F13 /* Debug */ = {
			isa = XCBuildConfiguration;
			buildSettings = {
				ALWAYS_SEARCH_USER_PATHS = NO;
				CLANG_ANALYZER_NONNULL = YES;
				CLANG_ANALYZER_NUMBER_OBJECT_CONVERSION = YES_AGGRESSIVE;
				CLANG_CXX_LANGUAGE_STANDARD = "gnu++20";
				CLANG_ENABLE_MODULES = YES;
				CLANG_ENABLE_OBJC_ARC = YES;
				CLANG_ENABLE_OBJC_WEAK = YES;
				CLANG_WARN_BLOCK_CAPTURE_AUTORELEASING = YES;
				CLANG_WARN_BOOL_CONVERSION = YES;
				CLANG_WARN_COMMA = YES;
				CLANG_WARN_CONSTANT_CONVERSION = YES;
				CLANG_WARN_DEPRECATED_OBJC_IMPLEMENTATIONS = YES;
				CLANG_WARN_DIRECT_OBJC_ISA_USAGE = YES_ERROR;
				CLANG_WARN_DOCUMENTATION_COMMENTS = YES;
				CLANG_WARN_EMPTY_BODY = YES;
				CLANG_WARN_ENUM_CONVERSION = YES;
				CLANG_WARN_INFINITE_RECURSION = YES;
				CLANG_WARN_INT_CONVERSION = YES;
				CLANG_WARN_NON_LITERAL_NULL_CONVERSION = YES;
				CLANG_WARN_OBJC_IMPLICIT_RETAIN_SELF = YES;
				CLANG_WARN_OBJC_LITERAL_CONVERSION = YES;
				CLANG_WARN_OBJC_ROOT_CLASS = YES_ERROR;
				CLANG_WARN_QUOTED_INCLUDE_IN_FRAMEWORK_HEADER = YES;
				CLANG_WARN_RANGE_LOOP_ANALYSIS = YES;
				CLANG_WARN_STRICT_PROTOTYPES = YES;
				CLANG_WARN_SUSPICIOUS_MOVE = YES;
				CLANG_WARN_UNGUARDED_AVAILABILITY = YES_AGGRESSIVE;
				CLANG_WARN_UNREACHABLE_CODE = YES;
				CLANG_WARN__DUPLICATE_METHOD_MATCH = YES;
				COPY_PHASE_STRIP = NO;
				DEBUG_INFORMATION_FORMAT = dwarf;
				ENABLE_STRICT_OBJC_MSGSEND = YES;
				ENABLE_TESTABILITY = YES;
				GCC_C_LANGUAGE_STANDARD = gnu11;
				GCC_DYNAMIC_NO_PIC = NO;
				GCC_NO_COMMON_BLOCKS = YES;
				GCC_OPTIMIZATION_LEVEL = 0;
				GCC_PREPROCESSOR_DEFINITIONS = (
					"DEBUG=1",
					"$(inherited)",
				);
				GCC_WARN_64_TO_32_BIT_CONVERSION = YES;
				GCC_WARN_ABOUT_RETURN_TYPE = YES_ERROR;
				GCC_WARN_UNDECLARED_SELECTOR = YES;
				GCC_WARN_UNINITIALIZED_AUTOS = YES_AGGRESSIVE;
				GCC_WARN_UNUSED_FUNCTION = YES;
				GCC_WARN_UNUSED_VARIABLE = YES;
				MTL_ENABLE_DEBUG_INFO = INCLUDE_SOURCE;
				MTL_FAST_MATH = YES;
				ONLY_ACTIVE_ARCH = YES;
				SWIFT_ACTIVE_COMPILATION_CONDITIONS = DEBUG;
				SWIFT_OPTIMIZATION_LEVEL = "-Onone";
			};
			name = Debug;
		};
		A6F079C12A3B725100B37F13 /* Release */ = {
			isa = XCBuildConfiguration;
			buildSettings = {
				ALWAYS_SEARCH_USER_PATHS = NO;
				CLANG_ANALYZER_NONNULL = YES;
				CLANG_ANALYZER_NUMBER_OBJECT_CONVERSION = YES_AGGRESSIVE;
				CLANG_CXX_LANGUAGE_STANDARD = "gnu++20";
				CLANG_ENABLE_MODULES = YES;
				CLANG_ENABLE_OBJC_ARC = YES;
				CLANG_ENABLE_OBJC_WEAK = YES;
				CLANG_WARN_BLOCK_CAPTURE_AUTORELEASING = YES;
				CLANG_WARN_BOOL_CONVERSION = YES;
				CLANG_WARN_COMMA = YES;
				CLANG_WARN_CONSTANT_CONVERSION = YES;
				CLANG_WARN_DEPRECATED_OBJC_IMPLEMENTATIONS = YES;
				CLANG_WARN_DIRECT_OBJC_ISA_USAGE = YES_ERROR;
				CLANG_WARN_DOCUMENTATION_COMMENTS = YES;
				CLANG_WARN_EMPTY_BODY = YES;
				CLANG_WARN_ENUM_CONVERSION = YES;
				CLANG_WARN_INFINITE_RECURSION = YES;
				CLANG_WARN_INT_CONVERSION = YES;
				CLANG_WARN_NON_LITERAL_NULL_CONVERSION = YES;
				CLANG_WARN_OBJC_IMPLICIT_RETAIN_SELF = YES;
				CLANG_WARN_OBJC_LITERAL_CONVERSION = YES;
				CLANG_WARN_OBJC_ROOT_CLASS = YES_ERROR;
				CLANG_WARN_QUOTED_INCLUDE_IN_FRAMEWORK_HEADER = YES;
				CLANG_WARN_RANGE_LOOP_ANALYSIS = YES;
				CLANG_WARN_STRICT_PROTOTYPES = YES;
				CLANG_WARN_SUSPICIOUS_MOVE = YES;
				CLANG_WARN_UNGUARDED_AVAILABILITY = YES_AGGRESSIVE;
				CLANG_WARN_UNREACHABLE_CODE = YES;
				CLANG_WARN__DUPLICATE_METHOD_MATCH = YES;
				COPY_PHASE_STRIP = NO;
				DEBUG_INFORMATION_FORMAT = "dwarf-with-dsym";
				ENABLE_NS_ASSERTIONS = NO;
				ENABLE_STRICT_OBJC_MSGSEND = YES;
				GCC_C_LANGUAGE_STANDARD = gnu11;
				GCC_NO_COMMON_BLOCKS = YES;
				GCC_WARN_64_TO_32_BIT_CONVERSION = YES;
				GCC_WARN_ABOUT_RETURN_TYPE = YES_ERROR;
				GCC_WARN_UNDECLARED_SELECTOR = YES;
				GCC_WARN_UNINITIALIZED_AUTOS = YES_AGGRESSIVE;
				GCC_WARN_UNUSED_FUNCTION = YES;
				GCC_WARN_UNUSED_VARIABLE = YES;
				MTL_ENABLE_DEBUG_INFO = NO;
				MTL_FAST_MATH = YES;
				SWIFT_COMPILATION_MODE = wholemodule;
				SWIFT_OPTIMIZATION_LEVEL = "-O";
			};
			name = Release;
		};
		A6F079C32A3B725100B37F13 /* Debug */ = {
			isa = XCBuildConfiguration;
			buildSettings = {
				ASSETCATALOG_COMPILER_APPICON_NAME = AppIcon;
				ASSETCATALOG_COMPILER_GLOBAL_ACCENT_COLOR_NAME = AccentColor;
				CODE_SIGN_ENTITLEMENTS = iMovie/iMovie.entitlements;
				CODE_SIGN_STYLE = Automatic;
				CURRENT_PROJECT_VERSION = 1;
				DEVELOPMENT_ASSET_PATHS = "\"iMovie/Preview Content\"";
				DEVELOPMENT_TEAM = G3A59K77K4;
				ENABLE_HARDENED_RUNTIME = YES;
				ENABLE_PREVIEWS = YES;
				GENERATE_INFOPLIST_FILE = YES;
				"INFOPLIST_KEY_UIApplicationSceneManifest_Generation[sdk=iphoneos*]" = YES;
				"INFOPLIST_KEY_UIApplicationSceneManifest_Generation[sdk=iphonesimulator*]" = YES;
				"INFOPLIST_KEY_UIApplicationSupportsIndirectInputEvents[sdk=iphoneos*]" = YES;
				"INFOPLIST_KEY_UIApplicationSupportsIndirectInputEvents[sdk=iphonesimulator*]" = YES;
				"INFOPLIST_KEY_UILaunchScreen_Generation[sdk=iphoneos*]" = YES;
				"INFOPLIST_KEY_UILaunchScreen_Generation[sdk=iphonesimulator*]" = YES;
				"INFOPLIST_KEY_UIStatusBarStyle[sdk=iphoneos*]" = UIStatusBarStyleDefault;
				"INFOPLIST_KEY_UIStatusBarStyle[sdk=iphonesimulator*]" = UIStatusBarStyleDefault;
				INFOPLIST_KEY_UISupportedInterfaceOrientations = UIInterfaceOrientationPortrait;
				INFOPLIST_KEY_UISupportedInterfaceOrientations_iPad = "UIInterfaceOrientationLandscapeLeft UIInterfaceOrientationLandscapeRight UIInterfaceOrientationPortrait UIInterfaceOrientationPortraitUpsideDown";
				IPHONEOS_DEPLOYMENT_TARGET = 16.2;
				LD_RUNPATH_SEARCH_PATHS = "@executable_path/Frameworks";
				"LD_RUNPATH_SEARCH_PATHS[sdk=macosx*]" = "@executable_path/../Frameworks";
				MACOSX_DEPLOYMENT_TARGET = 13.1;
				MARKETING_VERSION = 1.0;
				PRODUCT_BUNDLE_IDENTIFIER = com.hoangatuan.iMovie;
				PRODUCT_NAME = "$(TARGET_NAME)";
				SDKROOT = auto;
				SUPPORTED_PLATFORMS = "iphoneos iphonesimulator";
				SUPPORTS_MACCATALYST = NO;
				SUPPORTS_MAC_DESIGNED_FOR_IPHONE_IPAD = NO;
				SWIFT_EMIT_LOC_STRINGS = YES;
				SWIFT_VERSION = 5.0;
				TARGETED_DEVICE_FAMILY = 1;
			};
			name = Debug;
		};
		A6F079C42A3B725100B37F13 /* Release */ = {
			isa = XCBuildConfiguration;
			buildSettings = {
				ASSETCATALOG_COMPILER_APPICON_NAME = AppIcon;
				ASSETCATALOG_COMPILER_GLOBAL_ACCENT_COLOR_NAME = AccentColor;
				CODE_SIGN_ENTITLEMENTS = iMovie/iMovie.entitlements;
				CODE_SIGN_STYLE = Automatic;
				CURRENT_PROJECT_VERSION = 1;
				DEVELOPMENT_ASSET_PATHS = "\"iMovie/Preview Content\"";
				DEVELOPMENT_TEAM = G3A59K77K4;
				ENABLE_HARDENED_RUNTIME = YES;
				ENABLE_PREVIEWS = YES;
				GENERATE_INFOPLIST_FILE = YES;
				"INFOPLIST_KEY_UIApplicationSceneManifest_Generation[sdk=iphoneos*]" = YES;
				"INFOPLIST_KEY_UIApplicationSceneManifest_Generation[sdk=iphonesimulator*]" = YES;
				"INFOPLIST_KEY_UIApplicationSupportsIndirectInputEvents[sdk=iphoneos*]" = YES;
				"INFOPLIST_KEY_UIApplicationSupportsIndirectInputEvents[sdk=iphonesimulator*]" = YES;
				"INFOPLIST_KEY_UILaunchScreen_Generation[sdk=iphoneos*]" = YES;
				"INFOPLIST_KEY_UILaunchScreen_Generation[sdk=iphonesimulator*]" = YES;
				"INFOPLIST_KEY_UIStatusBarStyle[sdk=iphoneos*]" = UIStatusBarStyleDefault;
				"INFOPLIST_KEY_UIStatusBarStyle[sdk=iphonesimulator*]" = UIStatusBarStyleDefault;
				INFOPLIST_KEY_UISupportedInterfaceOrientations = UIInterfaceOrientationPortrait;
				INFOPLIST_KEY_UISupportedInterfaceOrientations_iPad = "UIInterfaceOrientationLandscapeLeft UIInterfaceOrientationLandscapeRight UIInterfaceOrientationPortrait UIInterfaceOrientationPortraitUpsideDown";
				IPHONEOS_DEPLOYMENT_TARGET = 16.2;
				LD_RUNPATH_SEARCH_PATHS = "@executable_path/Frameworks";
				"LD_RUNPATH_SEARCH_PATHS[sdk=macosx*]" = "@executable_path/../Frameworks";
				MACOSX_DEPLOYMENT_TARGET = 13.1;
				MARKETING_VERSION = 1.0;
				PRODUCT_BUNDLE_IDENTIFIER = com.hoangatuan.iMovie;
				PRODUCT_NAME = "$(TARGET_NAME)";
				SDKROOT = auto;
				SUPPORTED_PLATFORMS = "iphoneos iphonesimulator";
				SUPPORTS_MACCATALYST = NO;
				SUPPORTS_MAC_DESIGNED_FOR_IPHONE_IPAD = NO;
				SWIFT_EMIT_LOC_STRINGS = YES;
				SWIFT_VERSION = 5.0;
				TARGETED_DEVICE_FAMILY = 1;
			};
			name = Release;
		};
/* End XCBuildConfiguration section */

/* Begin XCConfigurationList section */
		A6F079AE2A3B724F00B37F13 /* Build configuration list for PBXProject "iMovie" */ = {
			isa = XCConfigurationList;
			buildConfigurations = (
				A6F079C02A3B725100B37F13 /* Debug */,
				A6F079C12A3B725100B37F13 /* Release */,
			);
			defaultConfigurationIsVisible = 0;
			defaultConfigurationName = Release;
		};
		A6F079C22A3B725100B37F13 /* Build configuration list for PBXNativeTarget "iMovie" */ = {
			isa = XCConfigurationList;
			buildConfigurations = (
				A6F079C32A3B725100B37F13 /* Debug */,
				A6F079C42A3B725100B37F13 /* Release */,
			);
			defaultConfigurationIsVisible = 0;
			defaultConfigurationName = Release;
		};
/* End XCConfigurationList section */

/* Begin XCRemoteSwiftPackageReference section */
		A6F079C52A3B727D00B37F13 /* XCRemoteSwiftPackageReference "Factory" */ = {
			isa = XCRemoteSwiftPackageReference;
			repositoryURL = "https://github.com/hmlongco/Factory";
			requirement = {
				kind = upToNextMajorVersion;
				minimumVersion = 2.0.0;
			};
		};
		A6F079C82A3B72A700B37F13 /* XCRemoteSwiftPackageReference "swift-composable-architecture" */ = {
			isa = XCRemoteSwiftPackageReference;
			repositoryURL = "https://github.com/pointfreeco/swift-composable-architecture";
			requirement = {
				kind = upToNextMajorVersion;
				minimumVersion = 0.9.0;
			};
		};
/* End XCRemoteSwiftPackageReference section */

/* Begin XCSwiftPackageProductDependency section */
		A6F079C62A3B727D00B37F13 /* Factory */ = {
			isa = XCSwiftPackageProductDependency;
			package = A6F079C52A3B727D00B37F13 /* XCRemoteSwiftPackageReference "Factory" */;
			productName = Factory;
		};
		A6F079C92A3B72A700B37F13 /* ComposableArchitecture */ = {
			isa = XCSwiftPackageProductDependency;
			package = A6F079C82A3B72A700B37F13 /* XCRemoteSwiftPackageReference "swift-composable-architecture" */;
			productName = ComposableArchitecture;
		};
		A6F1D51A2A3D564600E4F00C /* Network */ = {
			isa = XCSwiftPackageProductDependency;
			productName = Network;
		};
		A6F1D51C2A3D564800E4F00C /* Logger */ = {
			isa = XCSwiftPackageProductDependency;
			productName = Logger;
		};
/* End XCSwiftPackageProductDependency section */
	};
	rootObject = A6F079AB2A3B724F00B37F13 /* Project object */;
}
